// !$*UTF8*$!
{
	archiveVersion = 1;
	classes = {
	};
	objectVersion = 50;
	objects = {

/* Begin PBXBuildFile section */
		AEB7AEC920FBDB8C0065D1DA /* AppDelegate.swift in Sources */ = {isa = PBXBuildFile; fileRef = AEB7AEC820FBDB8C0065D1DA /* AppDelegate.swift */; };
		AEB7AECB20FBDB8C0065D1DA /* art.scnassets in Resources */ = {isa = PBXBuildFile; fileRef = AEB7AECA20FBDB8C0065D1DA /* art.scnassets */; };
		AEB7AECD20FBDB8C0065D1DA /* RampPlacerVC.swift in Sources */ = {isa = PBXBuildFile; fileRef = AEB7AECC20FBDB8C0065D1DA /* RampPlacerVC.swift */; };
		AEB7AED020FBDB8C0065D1DA /* Main.storyboard in Resources */ = {isa = PBXBuildFile; fileRef = AEB7AECE20FBDB8C0065D1DA /* Main.storyboard */; };
		AEB7AED220FBDB8E0065D1DA /* Assets.xcassets in Resources */ = {isa = PBXBuildFile; fileRef = AEB7AED120FBDB8E0065D1DA /* Assets.xcassets */; };
		AEB7AED520FBDB8E0065D1DA /* LaunchScreen.storyboard in Resources */ = {isa = PBXBuildFile; fileRef = AEB7AED320FBDB8E0065D1DA /* LaunchScreen.storyboard */; };
/* End PBXBuildFile section */

/* Begin PBXFileReference section */
		AEB7AEC520FBDB8C0065D1DA /* ramp-up.app */ = {isa = PBXFileReference; explicitFileType = wrapper.application; includeInIndex = 0; path = "ramp-up.app"; sourceTree = BUILT_PRODUCTS_DIR; };
		AEB7AEC820FBDB8C0065D1DA /* AppDelegate.swift */ = {isa = PBXFileReference; lastKnownFileType = sourcecode.swift; path = AppDelegate.swift; sourceTree = "<group>"; };
		AEB7AECA20FBDB8C0065D1DA /* art.scnassets */ = {isa = PBXFileReference; lastKnownFileType = wrapper.scnassets; path = art.scnassets; sourceTree = "<group>"; };
		AEB7AECC20FBDB8C0065D1DA /* RampPlacerVC.swift */ = {isa = PBXFileReference; lastKnownFileType = sourcecode.swift; path = RampPlacerVC.swift; sourceTree = "<group>"; };
		AEB7AECF20FBDB8C0065D1DA /* Base */ = {isa = PBXFileReference; lastKnownFileType = file.storyboard; name = Base; path = Base.lproj/Main.storyboard; sourceTree = "<group>"; };
		AEB7AED120FBDB8E0065D1DA /* Assets.xcassets */ = {isa = PBXFileReference; lastKnownFileType = folder.assetcatalog; path = Assets.xcassets; sourceTree = "<group>"; };
		AEB7AED420FBDB8E0065D1DA /* Base */ = {isa = PBXFileReference; lastKnownFileType = file.storyboard; name = Base; path = Base.lproj/LaunchScreen.storyboard; sourceTree = "<group>"; };
		AEB7AED620FBDB8E0065D1DA /* Info.plist */ = {isa = PBXFileReference; lastKnownFileType = text.plist.xml; path = Info.plist; sourceTree = "<group>"; };
/* End PBXFileReference section */

/* Begin PBXFrameworksBuildPhase section */
		AEB7AEC220FBDB8C0065D1DA /* Frameworks */ = {
			isa = PBXFrameworksBuildPhase;
			buildActionMask = 2147483647;
			files = (
			);
			runOnlyForDeploymentPostprocessing = 0;
		};
/* End PBXFrameworksBuildPhase section */

/* Begin PBXGroup section */
		AEB7AEBC20FBDB8C0065D1DA = {
			isa = PBXGroup;
			children = (
				AEB7AEC720FBDB8C0065D1DA /* ramp-up */,
				AEB7AEC620FBDB8C0065D1DA /* Products */,
			);
			sourceTree = "<group>";
		};
		AEB7AEC620FBDB8C0065D1DA /* Products */ = {
			isa = PBXGroup;
			children = (
				AEB7AEC520FBDB8C0065D1DA /* ramp-up.app */,
			);
			name = Products;
			sourceTree = "<group>";
		};
		AEB7AEC720FBDB8C0065D1DA /* ramp-up */ = {
			isa = PBXGroup;
			children = (
				AEB7AEDC20FBDD7C0065D1DA /* Controller */,
				AEB7AEC820FBDB8C0065D1DA /* AppDelegate.swift */,
				AEB7AECA20FBDB8C0065D1DA /* art.scnassets */,
				AEB7AECE20FBDB8C0065D1DA /* Main.storyboard */,
				AEB7AED120FBDB8E0065D1DA /* Assets.xcassets */,
				AEB7AED320FBDB8E0065D1DA /* LaunchScreen.storyboard */,
				AEB7AED620FBDB8E0065D1DA /* Info.plist */,
			);
			path = "ramp-up";
			sourceTree = "<group>";
		};
		AEB7AEDC20FBDD7C0065D1DA /* Controller */ = {
			isa = PBXGroup;
			children = (
				AEB7AECC20FBDB8C0065D1DA /* RampPlacerVC.swift */,
			);
			path = Controller;
			sourceTree = "<group>";
		};
/* End PBXGroup section */

/* Begin PBXNativeTarget section */
		AEB7AEC420FBDB8C0065D1DA /* ramp-up */ = {
			isa = PBXNativeTarget;
			buildConfigurationList = AEB7AED920FBDB8E0065D1DA /* Build configuration list for PBXNativeTarget "ramp-up" */;
			buildPhases = (
				AEB7AEC120FBDB8C0065D1DA /* Sources */,
				AEB7AEC220FBDB8C0065D1DA /* Frameworks */,
				AEB7AEC320FBDB8C0065D1DA /* Resources */,
			);
			buildRules = (
			);
			dependencies = (
			);
			name = "ramp-up";
			productName = "ramp-up";
			productReference = AEB7AEC520FBDB8C0065D1DA /* ramp-up.app */;
			productType = "com.apple.product-type.application";
		};
/* End PBXNativeTarget section */

/* Begin PBXProject section */
		AEB7AEBD20FBDB8C0065D1DA /* Project object */ = {
			isa = PBXProject;
			attributes = {
				LastSwiftUpdateCheck = 0940;
				LastUpgradeCheck = 0940;
				ORGANIZATIONNAME = "Araz Sinjary";
				TargetAttributes = {
					AEB7AEC420FBDB8C0065D1DA = {
						CreatedOnToolsVersion = 9.4.1;
					};
				};
			};
			buildConfigurationList = AEB7AEC020FBDB8C0065D1DA /* Build configuration list for PBXProject "ramp-up" */;
			compatibilityVersion = "Xcode 9.3";
			developmentRegion = en;
			hasScannedForEncodings = 0;
			knownRegions = (
				en,
				Base,
			);
			mainGroup = AEB7AEBC20FBDB8C0065D1DA;
			productRefGroup = AEB7AEC620FBDB8C0065D1DA /* Products */;
			projectDirPath = "";
			projectRoot = "";
			targets = (
				AEB7AEC420FBDB8C0065D1DA /* ramp-up */,
			);
		};
/* End PBXProject section */

/* Begin PBXResourcesBuildPhase section */
		AEB7AEC320FBDB8C0065D1DA /* Resources */ = {
			isa = PBXResourcesBuildPhase;
			buildActionMask = 2147483647;
			files = (
				AEB7AECB20FBDB8C0065D1DA /* art.scnassets in Resources */,
				AEB7AED520FBDB8E0065D1DA /* LaunchScreen.storyboard in Resources */,
				AEB7AED220FBDB8E0065D1DA /* Assets.xcassets in Resources */,
				AEB7AED020FBDB8C0065D1DA /* Main.storyboard in Resources */,
			);
			runOnlyForDeploymentPostprocessing = 0;
		};
/* End PBXResourcesBuildPhase section */

/* Begin PBXSourcesBuildPhase section */
		AEB7AEC120FBDB8C0065D1DA /* Sources */ = {
			isa = PBXSourcesBuildPhase;
			buildActionMask = 2147483647;
			files = (
				AEB7AECD20FBDB8C0065D1DA /* RampPlacerVC.swift in Sources */,
				AEB7AEC920FBDB8C0065D1DA /* AppDelegate.swift in Sources */,
			);
			runOnlyForDeploymentPostprocessing = 0;
		};
/* End PBXSourcesBuildPhase section */

/* Begin PBXVariantGroup section */
		AEB7AECE20FBDB8C0065D1DA /* Main.storyboard */ = {
			isa = PBXVariantGroup;
			children = (
				AEB7AECF20FBDB8C0065D1DA /* Base */,
			);
			name = Main.storyboard;
			sourceTree = "<group>";
		};
		AEB7AED320FBDB8E0065D1DA /* LaunchScreen.storyboard */ = {
			isa = PBXVariantGroup;
			children = (
				AEB7AED420FBDB8E0065D1DA /* Base */,
			);
			name = LaunchScreen.storyboard;
			sourceTree = "<group>";
		};
/* End PBXVariantGroup section */

/* Begin XCBuildConfiguration section */
		AEB7AED720FBDB8E0065D1DA /* Debug */ = {
			isa = XCBuildConfiguration;
			buildSettings = {
				ALWAYS_SEARCH_USER_PATHS = NO;
				CLANG_ANALYZER_NONNULL = YES;
				CLANG_ANALYZER_NUMBER_OBJECT_CONVERSION = YES_AGGRESSIVE;
				CLANG_CXX_LANGUAGE_STANDARD = "gnu++14";
				CLANG_CXX_LIBRARY = "libc++";
				CLANG_ENABLE_MODULES = YES;
				CLANG_ENABLE_OBJC_ARC = YES;
				CLANG_ENABLE_OBJC_WEAK = YES;
				CLANG_WARN_BLOCK_CAPTURE_AUTORELEASING = YES;
				CLANG_WARN_BOOL_CONVERSION = YES;
				CLANG_WARN_COMMA = YES;
				CLANG_WARN_CONSTANT_CONVERSION = YES;
				CLANG_WARN_DEPRECATED_OBJC_IMPLEMENTATIONS = YES;
				CLANG_WARN_DIRECT_OBJC_ISA_USAGE = YES_ERROR;
				CLANG_WARN_DOCUMENTATION_COMMENTS = YES;
				CLANG_WARN_EMPTY_BODY = YES;
				CLANG_WARN_ENUM_CONVERSION = YES;
				CLANG_WARN_INFINITE_RECURSION = YES;
				CLANG_WARN_INT_CONVERSION = YES;
				CLANG_WARN_NON_LITERAL_NULL_CONVERSION = YES;
				CLANG_WARN_OBJC_IMPLICIT_RETAIN_SELF = YES;
				CLANG_WARN_OBJC_LITERAL_CONVERSION = YES;
				CLANG_WARN_OBJC_ROOT_CLASS = YES_ERROR;
				CLANG_WARN_RANGE_LOOP_ANALYSIS = YES;
				CLANG_WARN_STRICT_PROTOTYPES = YES;
				CLANG_WARN_SUSPICIOUS_MOVE = YES;
				CLANG_WARN_UNGUARDED_AVAILABILITY = YES_AGGRESSIVE;
				CLANG_WARN_UNREACHABLE_CODE = YES;
				CLANG_WARN__DUPLICATE_METHOD_MATCH = YES;
				CODE_SIGN_IDENTITY = "iPhone Developer";
				COPY_PHASE_STRIP = NO;
				DEBUG_INFORMATION_FORMAT = dwarf;
				ENABLE_STRICT_OBJC_MSGSEND = YES;
				ENABLE_TESTABILITY = YES;
				GCC_C_LANGUAGE_STANDARD = gnu11;
				GCC_DYNAMIC_NO_PIC = NO;
				GCC_NO_COMMON_BLOCKS = YES;
				GCC_OPTIMIZATION_LEVEL = 0;
				GCC_PREPROCESSOR_DEFINITIONS = (
					"DEBUG=1",
					"$(inherited)",
				);
				GCC_WARN_64_TO_32_BIT_CONVERSION = YES;
				GCC_WARN_ABOUT_RETURN_TYPE = YES_ERROR;
				GCC_WARN_UNDECLARED_SELECTOR = YES;
				GCC_WARN_UNINITIALIZED_AUTOS = YES_AGGRESSIVE;
				GCC_WARN_UNUSED_FUNCTION = YES;
				GCC_WARN_UNUSED_VARIABLE = YES;
				IPHONEOS_DEPLOYMENT_TARGET = 11.4;
				MTL_ENABLE_DEBUG_INFO = YES;
				ONLY_ACTIVE_ARCH = YES;
				SDKROOT = iphoneos;
				SWIFT_ACTIVE_COMPILATION_CONDITIONS = DEBUG;
				SWIFT_OPTIMIZATION_LEVEL = "-Onone";
			};
			name = Debug;
		};
		AEB7AED820FBDB8E0065D1DA /* Release */ = {
			isa = XCBuildConfiguration;
			buildSettings = {
				ALWAYS_SEARCH_USER_PATHS = NO;
				CLANG_ANALYZER_NONNULL = YES;
				CLANG_ANALYZER_NUMBER_OBJECT_CONVERSION = YES_AGGRESSIVE;
				CLANG_CXX_LANGUAGE_STANDARD = "gnu++14";
				CLANG_CXX_LIBRARY = "libc++";
				CLANG_ENABLE_MODULES = YES;
				CLANG_ENABLE_OBJC_ARC = YES;
				CLANG_ENABLE_OBJC_WEAK = YES;
				CLANG_WARN_BLOCK_CAPTURE_AUTORELEASING = YES;
				CLANG_WARN_BOOL_CONVERSION = YES;
				CLANG_WARN_COMMA = YES;
				CLANG_WARN_CONSTANT_CONVERSION = YES;
				CLANG_WARN_DEPRECATED_OBJC_IMPLEMENTATIONS = YES;
				CLANG_WARN_DIRECT_OBJC_ISA_USAGE = YES_ERROR;
				CLANG_WARN_DOCUMENTATION_COMMENTS = YES;
				CLANG_WARN_EMPTY_BODY = YES;
				CLANG_WARN_ENUM_CONVERSION = YES;
				CLANG_WARN_INFINITE_RECURSION = YES;
				CLANG_WARN_INT_CONVERSION = YES;
				CLANG_WARN_NON_LITERAL_NULL_CONVERSION = YES;
				CLANG_WARN_OBJC_IMPLICIT_RETAIN_SELF = YES;
				CLANG_WARN_OBJC_LITERAL_CONVERSION = YES;
				CLANG_WARN_OBJC_ROOT_CLASS = YES_ERROR;
				CLANG_WARN_RANGE_LOOP_ANALYSIS = YES;
				CLANG_WARN_STRICT_PROTOTYPES = YES;
				CLANG_WARN_SUSPICIOUS_MOVE = YES;
				CLANG_WARN_UNGUARDED_AVAILABILITY = YES_AGGRESSIVE;
				CLANG_WARN_UNREACHABLE_CODE = YES;
				CLANG_WARN__DUPLICATE_METHOD_MATCH = YES;
				CODE_SIGN_IDENTITY = "iPhone Developer";
				COPY_PHASE_STRIP = NO;
				DEBUG_INFORMATION_FORMAT = "dwarf-with-dsym";
				ENABLE_NS_ASSERTIONS = NO;
				ENABLE_STRICT_OBJC_MSGSEND = YES;
				GCC_C_LANGUAGE_STANDARD = gnu11;
				GCC_NO_COMMON_BLOCKS = YES;
				GCC_WARN_64_TO_32_BIT_CONVERSION = YES;
				GCC_WARN_ABOUT_RETURN_TYPE = YES_ERROR;
				GCC_WARN_UNDECLARED_SELECTOR = YES;
				GCC_WARN_UNINITIALIZED_AUTOS = YES_AGGRESSIVE;
				GCC_WARN_UNUSED_FUNCTION = YES;
				GCC_WARN_UNUSED_VARIABLE = YES;
				IPHONEOS_DEPLOYMENT_TARGET = 11.4;
				MTL_ENABLE_DEBUG_INFO = NO;
				SDKROOT = iphoneos;
				SWIFT_COMPILATION_MODE = wholemodule;
				SWIFT_OPTIMIZATION_LEVEL = "-O";
				VALIDATE_PRODUCT = YES;
			};
			name = Release;
		};
		AEB7AEDA20FBDB8E0065D1DA /* Debug */ = {
			isa = XCBuildConfiguration;
			buildSettings = {
				ASSETCATALOG_COMPILER_APPICON_NAME = AppIcon;
				CODE_SIGN_STYLE = Automatic;
				DEVELOPMENT_TEAM = X3HSH3HTMU;
				INFOPLIST_FILE = "ramp-up/Info.plist";
				LD_RUNPATH_SEARCH_PATHS = (
					"$(inherited)",
					"@executable_path/Frameworks",
				);
				PRODUCT_BUNDLE_IDENTIFIER = "com.arazsinjary.ramp-up";
				PRODUCT_NAME = "$(TARGET_NAME)";
				SWIFT_VERSION = 4.0;
				TARGETED_DEVICE_FAMILY = "1,2";
			};
			name = Debug;
		};
		AEB7AEDB20FBDB8E0065D1DA /* Release */ = {
			isa = XCBuildConfiguration;
			buildSettings = {
				ASSETCATALOG_COMPILER_APPICON_NAME = AppIcon;
				CODE_SIGN_STYLE = Automatic;
				DEVELOPMENT_TEAM = X3HSH3HTMU;
				INFOPLIST_FILE = "ramp-up/Info.plist";
				LD_RUNPATH_SEARCH_PATHS = (
					"$(inherited)",
					"@executable_path/Frameworks",
				);
				PRODUCT_BUNDLE_IDENTIFIER = "com.arazsinjary.ramp-up";
				PRODUCT_NAME = "$(TARGET_NAME)";
				SWIFT_VERSION = 4.0;
				TARGETED_DEVICE_FAMILY = "1,2";
			};
			name = Release;
		};
/* End XCBuildConfiguration section */

/* Begin XCConfigurationList section */
		AEB7AEC020FBDB8C0065D1DA /* Build configuration list for PBXProject "ramp-up" */ = {
			isa = XCConfigurationList;
			buildConfigurations = (
				AEB7AED720FBDB8E0065D1DA /* Debug */,
				AEB7AED820FBDB8E0065D1DA /* Release */,
			);
			defaultConfigurationIsVisible = 0;
			defaultConfigurationName = Release;
		};
		AEB7AED920FBDB8E0065D1DA /* Build configuration list for PBXNativeTarget "ramp-up" */ = {
			isa = XCConfigurationList;
			buildConfigurations = (
				AEB7AEDA20FBDB8E0065D1DA /* Debug */,
				AEB7AEDB20FBDB8E0065D1DA /* Release */,
			);
			defaultConfigurationIsVisible = 0;
			defaultConfigurationName = Release;
		};
/* End XCConfigurationList section */
	};
	rootObject = AEB7AEBD20FBDB8C0065D1DA /* Project object */;
}
